
Microsoft Visual Studio Solution File, Format Version 12.00
# Visual Studio Version 16
VisualStudioVersion = 16.0.30011.22
MinimumVisualStudioVersion = 10.0.40219.1
Project("{FAE04EC0-301F-11D3-BF4B-00C04F79EFBC}") = "UmbraInjector", "UmbraInjector.csproj", "{1566AE4A-483C-4D66-9877-4F00E1FEB6BE}"
EndProject
Global
	GlobalSection(SolutionConfigurationPlatforms) = preSolution
		Debug|Any CPU = Debug|Any CPU
		Release|Any CPU = Release|Any CPU
	EndGlobalSection
	GlobalSection(ProjectConfigurationPlatforms) = postSolution
		{1566AE4A-483C-4D66-9877-4F00E1FEB6BE}.Debug|Any CPU.ActiveCfg = Debug|Any CPU
		{1566AE4A-483C-4D66-9877-4F00E1FEB6BE}.Debug|Any CPU.Build.0 = Debug|Any CPU
		{1566AE4A-483C-4D66-9877-4F00E1FEB6BE}.Release|Any CPU.ActiveCfg = Release|Any CPU
		{1566AE4A-483C-4D66-9877-4F00E1FEB6BE}.Release|Any CPU.Build.0 = Release|Any CPU
	EndGlobalSection
	GlobalSection(SolutionProperties) = preSolution
		HideSolutionNode = FALSE
	EndGlobalSection
	GlobalSection(ExtensibilityGlobals) = postSolution
		SolutionGuid = {482FCB06-6D74-4C6A-9EE1-436F80FD0839}
	EndGlobalSection
EndGlobal
